// !$*UTF8*$!
{
	archiveVersion = 1;
	classes = {
	};
	objectVersion = 46;
	objects = {

/* Begin PBXBuildFile section */
		42E21F0B1C68800500B85EA9 /* CourseReserv.swift in Sources */ = {isa = PBXBuildFile; fileRef = 42E21F0A1C68800500B85EA9 /* CourseReserv.swift */; };
		42E21F0F1C68825200B85EA9 /* PickerDate.swift in Sources */ = {isa = PBXBuildFile; fileRef = 42E21F0E1C68825200B85EA9 /* PickerDate.swift */; };
		42E21F111C68826500B85EA9 /* PubCalendarCell.swift in Sources */ = {isa = PBXBuildFile; fileRef = 42E21F101C68826500B85EA9 /* PubCalendarCell.swift */; };
		42E21F131C68E6F500B85EA9 /* CalendarCellData.swift in Sources */ = {isa = PBXBuildFile; fileRef = 42E21F121C68E6F500B85EA9 /* CalendarCellData.swift */; };
		42F6E3651C6B86AE00C9BB94 /* ReservListCell.swift in Sources */ = {isa = PBXBuildFile; fileRef = 42F6E3641C6B86AE00C9BB94 /* ReservListCell.swift */; };
		D7037A5A1C58BB8B002A955E /* Assets.xcassets in Resources */ = {isa = PBXBuildFile; fileRef = D7037A591C58BB8B002A955E /* Assets.xcassets */; };
		D7037A681C58BF32002A955E /* AppDelegate.swift in Sources */ = {isa = PBXBuildFile; fileRef = D7037A671C58BF32002A955E /* AppDelegate.swift */; };
		D7037A6A1C58BFB5002A955E /* MainLogin.swift in Sources */ = {isa = PBXBuildFile; fileRef = D7037A691C58BFB5002A955E /* MainLogin.swift */; };
		D7037A6C1C58C008002A955E /* Main.storyboard in Resources */ = {isa = PBXBuildFile; fileRef = D7037A6B1C58C008002A955E /* Main.storyboard */; };
		D7037A731C58C03F002A955E /* CutImage.swift in Sources */ = {isa = PBXBuildFile; fileRef = D7037A6D1C58C03F002A955E /* CutImage.swift */; };
		D7037A751C58C03F002A955E /* ImageClass.swift in Sources */ = {isa = PBXBuildFile; fileRef = D7037A6F1C58C03F002A955E /* ImageClass.swift */; };
		D7037A761C58C03F002A955E /* JSONClass.swift in Sources */ = {isa = PBXBuildFile; fileRef = D7037A701C58C03F002A955E /* JSONClass.swift */; };
		D7037A771C58C03F002A955E /* NoDataView.swift in Sources */ = {isa = PBXBuildFile; fileRef = D7037A711C58C03F002A955E /* NoDataView.swift */; };
		D7037A781C58C03F002A955E /* PubClass.swift in Sources */ = {isa = PBXBuildFile; fileRef = D7037A721C58C03F002A955E /* PubClass.swift */; };
		D7037A811C58C4DA002A955E /* Localizable.strings in Resources */ = {isa = PBXBuildFile; fileRef = D7037A7C1C58C4DA002A955E /* Localizable.strings */; };
		D7037A841C58C638002A955E /* InfoPlist.strings in Resources */ = {isa = PBXBuildFile; fileRef = D7037A821C58C638002A955E /* InfoPlist.strings */; };
		D7037ADA1C58C726002A955E /* menu_servicemgr.png in Resources */ = {isa = PBXBuildFile; fileRef = D7037A871C58C726002A955E /* menu_servicemgr.png */; };
		D7037ADB1C58C726002A955E /* app_icon01.png in Resources */ = {isa = PBXBuildFile; fileRef = D7037A881C58C726002A955E /* app_icon01.png */; };
		D7037ADC1C58C726002A955E /* app_icon01_512.png in Resources */ = {isa = PBXBuildFile; fileRef = D7037A891C58C726002A955E /* app_icon01_512.png */; };
		D7037ADD1C58C726002A955E /* arrow_down02.png in Resources */ = {isa = PBXBuildFile; fileRef = D7037A8A1C58C726002A955E /* arrow_down02.png */; };
		D7037ADE1C58C726002A955E /* arrow_down03.png in Resources */ = {isa = PBXBuildFile; fileRef = D7037A8B1C58C726002A955E /* arrow_down03.png */; };
		D7037ADF1C58C726002A955E /* arrow_left01.png in Resources */ = {isa = PBXBuildFile; fileRef = D7037A8C1C58C726002A955E /* arrow_left01.png */; };
		D7037AE01C58C726002A955E /* arrow_left02.png in Resources */ = {isa = PBXBuildFile; fileRef = D7037A8D1C58C726002A955E /* arrow_left02.png */; };
		D7037AE11C58C726002A955E /* arrow_right01.png in Resources */ = {isa = PBXBuildFile; fileRef = D7037A8E1C58C726002A955E /* arrow_right01.png */; };
		D7037AE21C58C726002A955E /* arrow_right02.png in Resources */ = {isa = PBXBuildFile; fileRef = D7037A8F1C58C726002A955E /* arrow_right02.png */; };
		D7037AE31C58C726002A955E /* arrow_up02.png in Resources */ = {isa = PBXBuildFile; fileRef = D7037A901C58C726002A955E /* arrow_up02.png */; };
		D7037AE41C58C726002A955E /* arrow_up03.png in Resources */ = {isa = PBXBuildFile; fileRef = D7037A911C58C726002A955E /* arrow_up03.png */; };
		D7037AE51C58C726002A955E /* bg_001.jpg in Resources */ = {isa = PBXBuildFile; fileRef = D7037A921C58C726002A955E /* bg_001.jpg */; };
		D7037AE61C58C726002A955E /* bg_002.jpg in Resources */ = {isa = PBXBuildFile; fileRef = D7037A931C58C726002A955E /* bg_002.jpg */; };
		D7037AE71C58C726002A955E /* bg_003.jpg in Resources */ = {isa = PBXBuildFile; fileRef = D7037A941C58C726002A955E /* bg_003.jpg */; };
		D7037AE81C58C726002A955E /* bluetooth_on_128.png in Resources */ = {isa = PBXBuildFile; fileRef = D7037A951C58C726002A955E /* bluetooth_on_128.png */; };
		D7037AE91C58C726002A955E /* bt_disable.png in Resources */ = {isa = PBXBuildFile; fileRef = D7037A961C58C726002A955E /* bt_disable.png */; };
		D7037AEA1C58C726002A955E /* calculator_256.png in Resources */ = {isa = PBXBuildFile; fileRef = D7037A971C58C726002A955E /* calculator_256.png */; };
		D7037AEB1C58C726002A955E /* calendarclock_128.png in Resources */ = {isa = PBXBuildFile; fileRef = D7037A981C58C726002A955E /* calendarclock_128.png */; };
		D7037AEC1C58C726002A955E /* camera_256.png in Resources */ = {isa = PBXBuildFile; fileRef = D7037A991C58C726002A955E /* camera_256.png */; };
		D7037AED1C58C726002A955E /* camera_256_01.png in Resources */ = {isa = PBXBuildFile; fileRef = D7037A9A1C58C726002A955E /* camera_256_01.png */; };
		D7037AEE1C58C726002A955E /* camera_shutter.png in Resources */ = {isa = PBXBuildFile; fileRef = D7037A9B1C58C726002A955E /* camera_shutter.png */; };
		D7037AEF1C58C726002A955E /* camera_switch.png in Resources */ = {isa = PBXBuildFile; fileRef = D7037A9C1C58C726002A955E /* camera_switch.png */; };
		D7037AF01C58C726002A955E /* certificate_server_128.png in Resources */ = {isa = PBXBuildFile; fileRef = D7037A9D1C58C726002A955E /* certificate_server_128.png */; };
		D7037AF11C58C726002A955E /* checked_checkbox_128.png in Resources */ = {isa = PBXBuildFile; fileRef = D7037A9E1C58C726002A955E /* checked_checkbox_128.png */; };
		D7037AF21C58C726002A955E /* menu_config.png in Resources */ = {isa = PBXBuildFile; fileRef = D7037A9F1C58C726002A955E /* menu_config.png */; };
		D7037AF31C58C726002A955E /* menu_member.png in Resources */ = {isa = PBXBuildFile; fileRef = D7037AA01C58C726002A955E /* menu_member.png */; };
		D7037AF41C58C726002A955E /* del_128_001.png in Resources */ = {isa = PBXBuildFile; fileRef = D7037AA11C58C726002A955E /* del_128_001.png */; };
		D7037AF51C58C726002A955E /* dev01.png in Resources */ = {isa = PBXBuildFile; fileRef = D7037AA21C58C726002A955E /* dev01.png */; };
		D7037AF61C58C726002A955E /* dev02.png in Resources */ = {isa = PBXBuildFile; fileRef = D7037AA31C58C726002A955E /* dev02.png */; };
		D7037AF71C58C726002A955E /* dev03.png in Resources */ = {isa = PBXBuildFile; fileRef = D7037AA41C58C726002A955E /* dev03.png */; };
		D7037AF81C58C726002A955E /* dev04.png in Resources */ = {isa = PBXBuildFile; fileRef = D7037AA51C58C726002A955E /* dev04.png */; };
		D7037AF91C58C726002A955E /* doctor01.png in Resources */ = {isa = PBXBuildFile; fileRef = D7037AA61C58C726002A955E /* doctor01.png */; };
		D7037AFA1C58C726002A955E /* edit_128_001.png in Resources */ = {isa = PBXBuildFile; fileRef = D7037AA71C58C726002A955E /* edit_128_001.png */; };
		D7037AFB1C58C726002A955E /* editpaste_128.png in Resources */ = {isa = PBXBuildFile; fileRef = D7037AA81C58C726002A955E /* editpaste_128.png */; };
		D7037AFC1C58C726002A955E /* engval_down.png in Resources */ = {isa = PBXBuildFile; fileRef = D7037AA91C58C726002A955E /* engval_down.png */; };
		D7037AFD1C58C726002A955E /* engval_up.png in Resources */ = {isa = PBXBuildFile; fileRef = D7037AAA1C58C726002A955E /* engval_up.png */; };
		D7037AFE1C58C726002A955E /* f1_l_p.jpg in Resources */ = {isa = PBXBuildFile; fileRef = D7037AAB1C58C726002A955E /* f1_l_p.jpg */; };
		D7037AFF1C58C726002A955E /* f2_l_p.jpg in Resources */ = {isa = PBXBuildFile; fileRef = D7037AAC1C58C726002A955E /* f2_l_p.jpg */; };
		D7037B001C58C726002A955E /* homelogo_001.png in Resources */ = {isa = PBXBuildFile; fileRef = D7037AAD1C58C726002A955E /* homelogo_001.png */; };
		D7037B011C58C726002A955E /* homelogo_002.png in Resources */ = {isa = PBXBuildFile; fileRef = D7037AAE1C58C726002A955E /* homelogo_002.png */; };
		D7037B021C58C726002A955E /* homelogo_003.png in Resources */ = {isa = PBXBuildFile; fileRef = D7037AAF1C58C726002A955E /* homelogo_003.png */; };
		D7037B031C58C726002A955E /* ic_menu_copy_holo_light.png in Resources */ = {isa = PBXBuildFile; fileRef = D7037AB01C58C726002A955E /* ic_menu_copy_holo_light.png */; };
		D7037B041C58C726002A955E /* menu_storesheet.png in Resources */ = {isa = PBXBuildFile; fileRef = D7037AB11C58C726002A955E /* menu_storesheet.png */; };
		D7037B051C58C726002A955E /* klipper_128.png in Resources */ = {isa = PBXBuildFile; fileRef = D7037AB21C58C726002A955E /* klipper_128.png */; };
		D7037B061C58C726002A955E /* kspread_128.png in Resources */ = {isa = PBXBuildFile; fileRef = D7037AB31C58C726002A955E /* kspread_128.png */; };
		D7037B071C58C726002A955E /* menu_product.png in Resources */ = {isa = PBXBuildFile; fileRef = D7037AB41C58C726002A955E /* menu_product.png */; };
		D7037B081C58C726002A955E /* kword_128.png in Resources */ = {isa = PBXBuildFile; fileRef = D7037AB51C58C726002A955E /* kword_128.png */; };
		D7037B091C58C726002A955E /* logo_isoqi01.png in Resources */ = {isa = PBXBuildFile; fileRef = D7037AB61C58C726002A955E /* logo_isoqi01.png */; };
		D7037B0A1C58C726002A955E /* logo_merit01.png in Resources */ = {isa = PBXBuildFile; fileRef = D7037AB71C58C726002A955E /* logo_merit01.png */; };
		D7037B0B1C58C726002A955E /* logo_merit02.png in Resources */ = {isa = PBXBuildFile; fileRef = D7037AB81C58C726002A955E /* logo_merit02.png */; };
		D7037B0C1C58C726002A955E /* mailreceive_128.png in Resources */ = {isa = PBXBuildFile; fileRef = D7037AB91C58C726002A955E /* mailreceive_128.png */; };
		D7037B0D1C58C726002A955E /* menu_calendar01_256.png in Resources */ = {isa = PBXBuildFile; fileRef = D7037ABA1C58C726002A955E /* menu_calendar01_256.png */; };
		D7037B0E1C58C726002A955E /* menu_calendar_256.png in Resources */ = {isa = PBXBuildFile; fileRef = D7037ABB1C58C726002A955E /* menu_calendar_256.png */; };
		D7037B0F1C58C726002A955E /* menu_icon2_256.png in Resources */ = {isa = PBXBuildFile; fileRef = D7037ABC1C58C726002A955E /* menu_icon2_256.png */; };
		D7037B101C58C726002A955E /* menu_message_256.png in Resources */ = {isa = PBXBuildFile; fileRef = D7037ABD1C58C726002A955E /* menu_message_256.png */; };
		D7037B121C58C726002A955E /* menu_testint01_256.png in Resources */ = {isa = PBXBuildFile; fileRef = D7037ABF1C58C726002A955E /* menu_testint01_256.png */; };
		D7037B131C58C726002A955E /* menubar01.9.png in Resources */ = {isa = PBXBuildFile; fileRef = D7037AC01C58C726002A955E /* menubar01.9.png */; };
		D7037B141C58C726002A955E /* menuitem_seasrchagent_256.png in Resources */ = {isa = PBXBuildFile; fileRef = D7037AC11C58C726002A955E /* menuitem_seasrchagent_256.png */; };
		D7037B151C58C726002A955E /* msgicon_fb.png in Resources */ = {isa = PBXBuildFile; fileRef = D7037AC21C58C726002A955E /* msgicon_fb.png */; };
		D7037B161C58C726002A955E /* msgicon_line.png in Resources */ = {isa = PBXBuildFile; fileRef = D7037AC31C58C726002A955E /* msgicon_line.png */; };
		D7037B171C58C726002A955E /* msgicon_qq.png in Resources */ = {isa = PBXBuildFile; fileRef = D7037AC41C58C726002A955E /* msgicon_qq.png */; };
		D7037B181C58C726002A955E /* msgicon_wechat.png in Resources */ = {isa = PBXBuildFile; fileRef = D7037AC51C58C726002A955E /* msgicon_wechat.png */; };
		D7037B191C58C726002A955E /* news01_128.png in Resources */ = {isa = PBXBuildFile; fileRef = D7037AC61C58C726002A955E /* news01_128.png */; };
		D7037B1A1C58C726002A955E /* okteta_128.png in Resources */ = {isa = PBXBuildFile; fileRef = D7037AC71C58C726002A955E /* okteta_128.png */; };
		D7037B1B1C58C726002A955E /* photo1.png in Resources */ = {isa = PBXBuildFile; fileRef = D7037AC81C58C726002A955E /* photo1.png */; };
		D7037B1C1C58C726002A955E /* planner_256.png in Resources */ = {isa = PBXBuildFile; fileRef = D7037AC91C58C726002A955E /* planner_256.png */; };
		D7037B1D1C58C726002A955E /* running_man_128.png in Resources */ = {isa = PBXBuildFile; fileRef = D7037ACA1C58C726002A955E /* running_man_128.png */; };
		D7037B1E1C58C726002A955E /* save_128.png in Resources */ = {isa = PBXBuildFile; fileRef = D7037ACB1C58C726002A955E /* save_128.png */; };
		D7037B1F1C58C726002A955E /* scribus_128.png in Resources */ = {isa = PBXBuildFile; fileRef = D7037ACC1C58C726002A955E /* scribus_128.png */; };
		D7037B201C58C726002A955E /* search01_128.png in Resources */ = {isa = PBXBuildFile; fileRef = D7037ACD1C58C726002A955E /* search01_128.png */; };
		D7037B211C58C726002A955E /* search02.png in Resources */ = {isa = PBXBuildFile; fileRef = D7037ACE1C58C726002A955E /* search02.png */; };
		D7037B221C58C726002A955E /* search03.png in Resources */ = {isa = PBXBuildFile; fileRef = D7037ACF1C58C726002A955E /* search03.png */; };
		D7037B231C58C726002A955E /* menu_message.png in Resources */ = {isa = PBXBuildFile; fileRef = D7037AD01C58C726002A955E /* menu_message.png */; };
		D7037B241C58C726002A955E /* staff_128.png in Resources */ = {isa = PBXBuildFile; fileRef = D7037AD11C58C726002A955E /* staff_128.png */; };
		D7037B251C58C726002A955E /* menu_staff.png in Resources */ = {isa = PBXBuildFile; fileRef = D7037AD21C58C726002A955E /* menu_staff.png */; };
		D7037B261C58C726002A955E /* staff_128_02.png in Resources */ = {isa = PBXBuildFile; fileRef = D7037AD31C58C726002A955E /* staff_128_02.png */; };
		D7037B271C58C726002A955E /* stocksearch_128.png in Resources */ = {isa = PBXBuildFile; fileRef = D7037AD41C58C726002A955E /* stocksearch_128.png */; };
		D7037B281C58C726002A955E /* menu_testing.png in Resources */ = {isa = PBXBuildFile; fileRef = D7037AD51C58C726002A955E /* menu_testing.png */; };
		D7037B291C58C726002A955E /* unchecked_checkbox_128.png in Resources */ = {isa = PBXBuildFile; fileRef = D7037AD61C58C726002A955E /* unchecked_checkbox_128.png */; };
		D7037B2A1C58C726002A955E /* user_128.png in Resources */ = {isa = PBXBuildFile; fileRef = D7037AD71C58C726002A955E /* user_128.png */; };
		D7037B2B1C58C726002A955E /* user_empty01.png in Resources */ = {isa = PBXBuildFile; fileRef = D7037AD81C58C726002A955E /* user_empty01.png */; };
		D7037B2C1C58C726002A955E /* viewedocument_128.png in Resources */ = {isa = PBXBuildFile; fileRef = D7037AD91C58C726002A955E /* viewedocument_128.png */; };
		D7072BA21C62F04D00A6DDF5 /* html in Resources */ = {isa = PBXBuildFile; fileRef = D7072BA11C62F04D00A6DDF5 /* html */; };
		D70854471C7D622500861694 /* PurchaseListCell.swift in Sources */ = {isa = PBXBuildFile; fileRef = D70854461C7D622500861694 /* PurchaseListCell.swift */; };
		D70854491C7D69C400861694 /* PurchaseListDetail.swift in Sources */ = {isa = PBXBuildFile; fileRef = D70854481C7D69C400861694 /* PurchaseListDetail.swift */; };
		D708544B1C7DA3D600861694 /* PurchaseReturnAdd.swift in Sources */ = {isa = PBXBuildFile; fileRef = D708544A1C7DA3D600861694 /* PurchaseReturnAdd.swift */; };
		D70CD9421C72CBF8008E79E1 /* CourseSale.swift in Sources */ = {isa = PBXBuildFile; fileRef = D70CD93D1C72CBF8008E79E1 /* CourseSale.swift */; };
		D70CD9431C72CBF8008E79E1 /* CourseSaleCourseSel.swift in Sources */ = {isa = PBXBuildFile; fileRef = D70CD93E1C72CBF8008E79E1 /* CourseSaleCourseSel.swift */; };
		D70CD9441C72CBF8008E79E1 /* CourseSaleMemberSel.swift in Sources */ = {isa = PBXBuildFile; fileRef = D70CD93F1C72CBF8008E79E1 /* CourseSaleMemberSel.swift */; };
		D70CD9451C72CBF8008E79E1 /* CourseSaleSugst.swift in Sources */ = {isa = PBXBuildFile; fileRef = D70CD9401C72CBF8008E79E1 /* CourseSaleSugst.swift */; };
		D70CD9461C72CBF8008E79E1 /* PubCourseSaleAdEd.swift in Sources */ = {isa = PBXBuildFile; fileRef = D70CD9411C72CBF8008E79E1 /* PubCourseSaleAdEd.swift */; };
		D70CD9481C72CC42008E79E1 /* SugstChildPage.swift in Sources */ = {isa = PBXBuildFile; fileRef = D70CD9471C72CC42008E79E1 /* SugstChildPage.swift */; };
		D70CD94A1C731DF5008E79E1 /* SugstChildColtCell.swift in Sources */ = {isa = PBXBuildFile; fileRef = D70CD9491C731DF5008E79E1 /* SugstChildColtCell.swift */; };
		D7134FF91C5F5A990069ACF1 /* MemberMain.swift in Sources */ = {isa = PBXBuildFile; fileRef = D7134FF81C5F5A990069ACF1 /* MemberMain.swift */; };
		D7150E3F1C5C5B8E00C9FE8B /* MemberList.swift in Sources */ = {isa = PBXBuildFile; fileRef = D7150E3E1C5C5B8E00C9FE8B /* MemberList.swift */; };
		D7150E431C5C6E8000C9FE8B /* MemberAdEd.swift in Sources */ = {isa = PBXBuildFile; fileRef = D7150E421C5C6E8000C9FE8B /* MemberAdEd.swift */; };
		D71DFD081C7C0EB40024BB59 /* Stock.swift in Sources */ = {isa = PBXBuildFile; fileRef = D71DFD071C7C0EB40024BB59 /* Stock.swift */; };
		D71DFD0C1C7C20180024BB59 /* StockCell.swift in Sources */ = {isa = PBXBuildFile; fileRef = D71DFD0B1C7C20180024BB59 /* StockCell.swift */; };
		D71DFD0E1C7C39630024BB59 /* StockHistory.swift in Sources */ = {isa = PBXBuildFile; fileRef = D71DFD0D1C7C39630024BB59 /* StockHistory.swift */; };
		D71DFD101C7C397A0024BB59 /* StockHistoryCell.swift in Sources */ = {isa = PBXBuildFile; fileRef = D71DFD0F1C7C397A0024BB59 /* StockHistoryCell.swift */; };
		D71DFD121C7C53A10024BB59 /* PurchaseList.swift in Sources */ = {isa = PBXBuildFile; fileRef = D71DFD111C7C53A10024BB59 /* PurchaseList.swift */; };
		D720FBA11C7458F000AE640C /* Purchase.swift in Sources */ = {isa = PBXBuildFile; fileRef = D720FBA01C7458F000AE640C /* Purchase.swift */; };
		D72F26431C7AA60100717394 /* Sale.swift in Sources */ = {isa = PBXBuildFile; fileRef = D72F26421C7AA60100717394 /* Sale.swift */; };
		D72F26451C7AA61900717394 /* SalePdSelt.swift in Sources */ = {isa = PBXBuildFile; fileRef = D72F26441C7AA61900717394 /* SalePdSelt.swift */; };
		D72F26471C7AA63A00717394 /* SalePdSeltCell.swift in Sources */ = {isa = PBXBuildFile; fileRef = D72F26461C7AA63A00717394 /* SalePdSeltCell.swift */; };
		D72F26491C7ABD3300717394 /* PdSaleMemberSel.swift in Sources */ = {isa = PBXBuildFile; fileRef = D72F26481C7ABD3300717394 /* PdSaleMemberSel.swift */; };
		D74652071C5CA85900190EF6 /* PickerNumber.swift in Sources */ = {isa = PBXBuildFile; fileRef = D74652061C5CA85900190EF6 /* PickerNumber.swift */; };
		D7496D1A1C5B343200B75D6A /* MainMenuColtViewCell.swift in Sources */ = {isa = PBXBuildFile; fileRef = D7496D191C5B343200B75D6A /* MainMenuColtViewCell.swift */; };
		D7496D261C5B58CF00B75D6A /* CourseList.swift in Sources */ = {isa = PBXBuildFile; fileRef = D7496D251C5B58CF00B75D6A /* CourseList.swift */; };
		D7B29F791C5C712E0025C53A /* MemberAdEdContainer.swift in Sources */ = {isa = PBXBuildFile; fileRef = D7B29F781C5C712E0025C53A /* MemberAdEdContainer.swift */; };
		D7BB2AD01C646DC800624E08 /* PubSoqibedSelect.swift in Sources */ = {isa = PBXBuildFile; fileRef = D7BB2ACF1C646DC800624E08 /* PubSoqibedSelect.swift */; };
		D7BB2AD31C6477F800624E08 /* PubMemberPurchaseSelect.swift in Sources */ = {isa = PBXBuildFile; fileRef = D7BB2AD21C6477F800624E08 /* PubMemberPurchaseSelect.swift */; };
		D7BB2ADC1C64788700624E08 /* PubCourseSelect.swift in Sources */ = {isa = PBXBuildFile; fileRef = D7BB2AD61C64788700624E08 /* PubCourseSelect.swift */; };
		D7BB2ADD1C64788700624E08 /* PubCourseSelectCell.swift in Sources */ = {isa = PBXBuildFile; fileRef = D7BB2AD71C64788700624E08 /* PubCourseSelectCell.swift */; };
		D7BB2ADE1C64788700624E08 /* PubMeadDataSelect.swift in Sources */ = {isa = PBXBuildFile; fileRef = D7BB2AD81C64788700624E08 /* PubMeadDataSelect.swift */; };
		D7BB2ADF1C64788700624E08 /* PubMeadDataSelectCell.swift in Sources */ = {isa = PBXBuildFile; fileRef = D7BB2AD91C64788700624E08 /* PubMeadDataSelectCell.swift */; };
		D7BB2AE01C64788700624E08 /* PubMemberSelect.swift in Sources */ = {isa = PBXBuildFile; fileRef = D7BB2ADA1C64788700624E08 /* PubMemberSelect.swift */; };
		D7BB2AE11C64788700624E08 /* PubMemberSelectCell.swift in Sources */ = {isa = PBXBuildFile; fileRef = D7BB2ADB1C64788700624E08 /* PubMemberSelectCell.swift */; };
		D7BB2AE31C64799D00624E08 /* PubMemberPurchaseSelectCell.swift in Sources */ = {isa = PBXBuildFile; fileRef = D7BB2AE21C64799D00624E08 /* PubMemberPurchaseSelectCell.swift */; };
		D7EDE8841C60733200665542 /* MemberMainPager.swift in Sources */ = {isa = PBXBuildFile; fileRef = D7EDE8831C60733200665542 /* MemberMainPager.swift */; };
		D7EDE8861C6081B800665542 /* MemberMainColtViewCell.swift in Sources */ = {isa = PBXBuildFile; fileRef = D7EDE8851C6081B800665542 /* MemberMainColtViewCell.swift */; };
		D7F45F431C75733400735D09 /* PurchasePdSelt.swift in Sources */ = {isa = PBXBuildFile; fileRef = D7F45F421C75733400735D09 /* PurchasePdSelt.swift */; };
		D7F45F451C75752A00735D09 /* PurchasePdSeltCell.swift in Sources */ = {isa = PBXBuildFile; fileRef = D7F45F441C75752A00735D09 /* PurchasePdSeltCell.swift */; };
		D7F8BCEB1C7ED4390059E6E5 /* PurchaseDetailEdit.swift in Sources */ = {isa = PBXBuildFile; fileRef = D7F8BCEA1C7ED4390059E6E5 /* PurchaseDetailEdit.swift */; };
		D7F8BCED1C7ED6C70059E6E5 /* PurchaseDetailEditContainer.swift in Sources */ = {isa = PBXBuildFile; fileRef = D7F8BCEC1C7ED6C70059E6E5 /* PurchaseDetailEditContainer.swift */; };
		D7FB953A1C59F17F00B48F57 /* FileMang.swift in Sources */ = {isa = PBXBuildFile; fileRef = D7FB95391C59F17F00B48F57 /* FileMang.swift */; };
		D7FB953C1C59F58C00B48F57 /* MainMenu.swift in Sources */ = {isa = PBXBuildFile; fileRef = D7FB953B1C59F58C00B48F57 /* MainMenu.swift */; };
/* End PBXBuildFile section */

/* Begin PBXFileReference section */
		42E21F0A1C68800500B85EA9 /* CourseReserv.swift */ = {isa = PBXFileReference; fileEncoding = 4; lastKnownFileType = sourcecode.swift; name = CourseReserv.swift; path = ServiceMgr/CourseReserv.swift; sourceTree = "<group>"; };
		42E21F0E1C68825200B85EA9 /* PickerDate.swift */ = {isa = PBXFileReference; fileEncoding = 4; lastKnownFileType = sourcecode.swift; name = PickerDate.swift; path = PubClass/PickerDate.swift; sourceTree = "<group>"; };
		42E21F101C68826500B85EA9 /* PubCalendarCell.swift */ = {isa = PBXFileReference; fileEncoding = 4; lastKnownFileType = sourcecode.swift; name = PubCalendarCell.swift; path = PubView/PubCalendarCell.swift; sourceTree = "<group>"; };
		42E21F121C68E6F500B85EA9 /* CalendarCellData.swift */ = {isa = PBXFileReference; fileEncoding = 4; lastKnownFileType = sourcecode.swift; name = CalendarCellData.swift; path = PubClass/CalendarCellData.swift; sourceTree = "<group>"; };
		42F6E3641C6B86AE00C9BB94 /* ReservListCell.swift */ = {isa = PBXFileReference; fileEncoding = 4; lastKnownFileType = sourcecode.swift; name = ReservListCell.swift; path = ServiceMgr/ReservListCell.swift; sourceTree = "<group>"; };
		D7037A4F1C58BB8B002A955E /* StoreCN.app */ = {isa = PBXFileReference; explicitFileType = wrapper.application; includeInIndex = 0; path = StoreCN.app; sourceTree = BUILT_PRODUCTS_DIR; };
		D7037A591C58BB8B002A955E /* Assets.xcassets */ = {isa = PBXFileReference; lastKnownFileType = folder.assetcatalog; path = Assets.xcassets; sourceTree = "<group>"; };
		D7037A671C58BF32002A955E /* AppDelegate.swift */ = {isa = PBXFileReference; fileEncoding = 4; lastKnownFileType = sourcecode.swift; name = AppDelegate.swift; path = SysFile/AppDelegate.swift; sourceTree = "<group>"; };
		D7037A691C58BFB5002A955E /* MainLogin.swift */ = {isa = PBXFileReference; fileEncoding = 4; lastKnownFileType = sourcecode.swift; name = MainLogin.swift; path = MainHome/MainLogin.swift; sourceTree = "<group>"; };
		D7037A6B1C58C008002A955E /* Main.storyboard */ = {isa = PBXFileReference; fileEncoding = 4; lastKnownFileType = file.storyboard; path = Main.storyboard; sourceTree = "<group>"; };
		D7037A6D1C58C03F002A955E /* CutImage.swift */ = {isa = PBXFileReference; fileEncoding = 4; lastKnownFileType = sourcecode.swift; name = CutImage.swift; path = PubClass/CutImage.swift; sourceTree = "<group>"; };
		D7037A6F1C58C03F002A955E /* ImageClass.swift */ = {isa = PBXFileReference; fileEncoding = 4; lastKnownFileType = sourcecode.swift; name = ImageClass.swift; path = PubClass/ImageClass.swift; sourceTree = "<group>"; };
		D7037A701C58C03F002A955E /* JSONClass.swift */ = {isa = PBXFileReference; fileEncoding = 4; lastKnownFileType = sourcecode.swift; name = JSONClass.swift; path = PubClass/JSONClass.swift; sourceTree = "<group>"; };
		D7037A711C58C03F002A955E /* NoDataView.swift */ = {isa = PBXFileReference; fileEncoding = 4; lastKnownFileType = sourcecode.swift; name = NoDataView.swift; path = PubClass/NoDataView.swift; sourceTree = "<group>"; };
		D7037A721C58C03F002A955E /* PubClass.swift */ = {isa = PBXFileReference; fileEncoding = 4; lastKnownFileType = sourcecode.swift; name = PubClass.swift; path = PubClass/PubClass.swift; sourceTree = "<group>"; };
		D7037A791C58C446002A955E /* Info.plist */ = {isa = PBXFileReference; fileEncoding = 4; lastKnownFileType = text.plist.xml; path = Info.plist; sourceTree = "<group>"; };
		D7037A7D1C58C4DA002A955E /* Base */ = {isa = PBXFileReference; lastKnownFileType = text.plist.strings; name = Base; path = Base.lproj/Localizable.strings; sourceTree = "<group>"; };
		D7037A7F1C58C4DA002A955E /* zh-Hans */ = {isa = PBXFileReference; lastKnownFileType = text.plist.strings; name = "zh-Hans"; path = "zh-Hans.lproj/Localizable.strings"; sourceTree = "<group>"; };
		D7037A831C58C638002A955E /* Base */ = {isa = PBXFileReference; lastKnownFileType = text.plist.strings; name = Base; path = SysFile/Base.lproj/InfoPlist.strings; sourceTree = "<group>"; };
		D7037A851C58C64A002A955E /* zh-Hans */ = {isa = PBXFileReference; lastKnownFileType = text.plist.strings; name = "zh-Hans"; path = "SysFile/zh-Hans.lproj/InfoPlist.strings"; sourceTree = "<group>"; };
		D7037A871C58C726002A955E /* menu_servicemgr.png */ = {isa = PBXFileReference; lastKnownFileType = image.png; path = menu_servicemgr.png; sourceTree = "<group>"; };
		D7037A881C58C726002A955E /* app_icon01.png */ = {isa = PBXFileReference; lastKnownFileType = image.png; path = app_icon01.png; sourceTree = "<group>"; };
		D7037A891C58C726002A955E /* app_icon01_512.png */ = {isa = PBXFileReference; lastKnownFileType = image.png; path = app_icon01_512.png; sourceTree = "<group>"; };
		D7037A8A1C58C726002A955E /* arrow_down02.png */ = {isa = PBXFileReference; lastKnownFileType = image.png; path = arrow_down02.png; sourceTree = "<group>"; };
		D7037A8B1C58C726002A955E /* arrow_down03.png */ = {isa = PBXFileReference; lastKnownFileType = image.png; path = arrow_down03.png; sourceTree = "<group>"; };
		D7037A8C1C58C726002A955E /* arrow_left01.png */ = {isa = PBXFileReference; lastKnownFileType = image.png; path = arrow_left01.png; sourceTree = "<group>"; };
		D7037A8D1C58C726002A955E /* arrow_left02.png */ = {isa = PBXFileReference; lastKnownFileType = image.png; path = arrow_left02.png; sourceTree = "<group>"; };
		D7037A8E1C58C726002A955E /* arrow_right01.png */ = {isa = PBXFileReference; lastKnownFileType = image.png; path = arrow_right01.png; sourceTree = "<group>"; };
		D7037A8F1C58C726002A955E /* arrow_right02.png */ = {isa = PBXFileReference; lastKnownFileType = image.png; path = arrow_right02.png; sourceTree = "<group>"; };
		D7037A901C58C726002A955E /* arrow_up02.png */ = {isa = PBXFileReference; lastKnownFileType = image.png; path = arrow_up02.png; sourceTree = "<group>"; };
		D7037A911C58C726002A955E /* arrow_up03.png */ = {isa = PBXFileReference; lastKnownFileType = image.png; path = arrow_up03.png; sourceTree = "<group>"; };
		D7037A921C58C726002A955E /* bg_001.jpg */ = {isa = PBXFileReference; lastKnownFileType = image.jpeg; path = bg_001.jpg; sourceTree = "<group>"; };
		D7037A931C58C726002A955E /* bg_002.jpg */ = {isa = PBXFileReference; lastKnownFileType = image.jpeg; path = bg_002.jpg; sourceTree = "<group>"; };
		D7037A941C58C726002A955E /* bg_003.jpg */ = {isa = PBXFileReference; lastKnownFileType = image.jpeg; path = bg_003.jpg; sourceTree = "<group>"; };
		D7037A951C58C726002A955E /* bluetooth_on_128.png */ = {isa = PBXFileReference; lastKnownFileType = image.png; path = bluetooth_on_128.png; sourceTree = "<group>"; };
		D7037A961C58C726002A955E /* bt_disable.png */ = {isa = PBXFileReference; lastKnownFileType = image.png; path = bt_disable.png; sourceTree = "<group>"; };
		D7037A971C58C726002A955E /* calculator_256.png */ = {isa = PBXFileReference; lastKnownFileType = image.png; path = calculator_256.png; sourceTree = "<group>"; };
		D7037A981C58C726002A955E /* calendarclock_128.png */ = {isa = PBXFileReference; lastKnownFileType = image.png; path = calendarclock_128.png; sourceTree = "<group>"; };
		D7037A991C58C726002A955E /* camera_256.png */ = {isa = PBXFileReference; lastKnownFileType = image.png; path = camera_256.png; sourceTree = "<group>"; };
		D7037A9A1C58C726002A955E /* camera_256_01.png */ = {isa = PBXFileReference; lastKnownFileType = image.png; path = camera_256_01.png; sourceTree = "<group>"; };
		D7037A9B1C58C726002A955E /* camera_shutter.png */ = {isa = PBXFileReference; lastKnownFileType = image.png; path = camera_shutter.png; sourceTree = "<group>"; };
		D7037A9C1C58C726002A955E /* camera_switch.png */ = {isa = PBXFileReference; lastKnownFileType = image.png; path = camera_switch.png; sourceTree = "<group>"; };
		D7037A9D1C58C726002A955E /* certificate_server_128.png */ = {isa = PBXFileReference; lastKnownFileType = image.png; path = certificate_server_128.png; sourceTree = "<group>"; };
		D7037A9E1C58C726002A955E /* checked_checkbox_128.png */ = {isa = PBXFileReference; lastKnownFileType = image.png; path = checked_checkbox_128.png; sourceTree = "<group>"; };
		D7037A9F1C58C726002A955E /* menu_config.png */ = {isa = PBXFileReference; lastKnownFileType = image.png; path = menu_config.png; sourceTree = "<group>"; };
		D7037AA01C58C726002A955E /* menu_member.png */ = {isa = PBXFileReference; lastKnownFileType = image.png; path = menu_member.png; sourceTree = "<group>"; };
		D7037AA11C58C726002A955E /* del_128_001.png */ = {isa = PBXFileReference; lastKnownFileType = image.png; path = del_128_001.png; sourceTree = "<group>"; };
		D7037AA21C58C726002A955E /* dev01.png */ = {isa = PBXFileReference; lastKnownFileType = image.png; path = dev01.png; sourceTree = "<group>"; };
		D7037AA31C58C726002A955E /* dev02.png */ = {isa = PBXFileReference; lastKnownFileType = image.png; path = dev02.png; sourceTree = "<group>"; };
		D7037AA41C58C726002A955E /* dev03.png */ = {isa = PBXFileReference; lastKnownFileType = image.png; path = dev03.png; sourceTree = "<group>"; };
		D7037AA51C58C726002A955E /* dev04.png */ = {isa = PBXFileReference; lastKnownFileType = image.png; path = dev04.png; sourceTree = "<group>"; };
		D7037AA61C58C726002A955E /* doctor01.png */ = {isa = PBXFileReference; lastKnownFileType = image.png; path = doctor01.png; sourceTree = "<group>"; };
		D7037AA71C58C726002A955E /* edit_128_001.png */ = {isa = PBXFileReference; lastKnownFileType = image.png; path = edit_128_001.png; sourceTree = "<group>"; };
		D7037AA81C58C726002A955E /* editpaste_128.png */ = {isa = PBXFileReference; lastKnownFileType = image.png; path = editpaste_128.png; sourceTree = "<group>"; };
		D7037AA91C58C726002A955E /* engval_down.png */ = {isa = PBXFileReference; lastKnownFileType = image.png; path = engval_down.png; sourceTree = "<group>"; };
		D7037AAA1C58C726002A955E /* engval_up.png */ = {isa = PBXFileReference; lastKnownFileType = image.png; path = engval_up.png; sourceTree = "<group>"; };
		D7037AAB1C58C726002A955E /* f1_l_p.jpg */ = {isa = PBXFileReference; lastKnownFileType = image.jpeg; path = f1_l_p.jpg; sourceTree = "<group>"; };
		D7037AAC1C58C726002A955E /* f2_l_p.jpg */ = {isa = PBXFileReference; lastKnownFileType = image.jpeg; path = f2_l_p.jpg; sourceTree = "<group>"; };
		D7037AAD1C58C726002A955E /* homelogo_001.png */ = {isa = PBXFileReference; lastKnownFileType = image.png; path = homelogo_001.png; sourceTree = "<group>"; };
		D7037AAE1C58C726002A955E /* homelogo_002.png */ = {isa = PBXFileReference; lastKnownFileType = image.png; path = homelogo_002.png; sourceTree = "<group>"; };
		D7037AAF1C58C726002A955E /* homelogo_003.png */ = {isa = PBXFileReference; lastKnownFileType = image.png; path = homelogo_003.png; sourceTree = "<group>"; };
		D7037AB01C58C726002A955E /* ic_menu_copy_holo_light.png */ = {isa = PBXFileReference; lastKnownFileType = image.png; path = ic_menu_copy_holo_light.png; sourceTree = "<group>"; };
		D7037AB11C58C726002A955E /* menu_storesheet.png */ = {isa = PBXFileReference; lastKnownFileType = image.png; path = menu_storesheet.png; sourceTree = "<group>"; };
		D7037AB21C58C726002A955E /* klipper_128.png */ = {isa = PBXFileReference; lastKnownFileType = image.png; path = klipper_128.png; sourceTree = "<group>"; };
		D7037AB31C58C726002A955E /* kspread_128.png */ = {isa = PBXFileReference; lastKnownFileType = image.png; path = kspread_128.png; sourceTree = "<group>"; };
		D7037AB41C58C726002A955E /* menu_product.png */ = {isa = PBXFileReference; lastKnownFileType = image.png; path = menu_product.png; sourceTree = "<group>"; };
		D7037AB51C58C726002A955E /* kword_128.png */ = {isa = PBXFileReference; lastKnownFileType = image.png; path = kword_128.png; sourceTree = "<group>"; };
		D7037AB61C58C726002A955E /* logo_isoqi01.png */ = {isa = PBXFileReference; lastKnownFileType = image.png; path = logo_isoqi01.png; sourceTree = "<group>"; };
		D7037AB71C58C726002A955E /* logo_merit01.png */ = {isa = PBXFileReference; lastKnownFileType = image.png; path = logo_merit01.png; sourceTree = "<group>"; };
		D7037AB81C58C726002A955E /* logo_merit02.png */ = {isa = PBXFileReference; lastKnownFileType = image.png; path = logo_merit02.png; sourceTree = "<group>"; };
		D7037AB91C58C726002A955E /* mailreceive_128.png */ = {isa = PBXFileReference; lastKnownFileType = image.png; path = mailreceive_128.png; sourceTree = "<group>"; };
		D7037ABA1C58C726002A955E /* menu_calendar01_256.png */ = {isa = PBXFileReference; lastKnownFileType = image.png; path = menu_calendar01_256.png; sourceTree = "<group>"; };
		D7037ABB1C58C726002A955E /* menu_calendar_256.png */ = {isa = PBXFileReference; lastKnownFileType = image.png; path = menu_calendar_256.png; sourceTree = "<group>"; };
		D7037ABC1C58C726002A955E /* menu_icon2_256.png */ = {isa = PBXFileReference; lastKnownFileType = image.png; path = menu_icon2_256.png; sourceTree = "<group>"; };
		D7037ABD1C58C726002A955E /* menu_message_256.png */ = {isa = PBXFileReference; lastKnownFileType = image.png; path = menu_message_256.png; sourceTree = "<group>"; };
		D7037ABE1C58C726002A955E /* menu_testing.png */ = {isa = PBXFileReference; lastKnownFileType = image.png; path = menu_testing.png; sourceTree = "<group>"; };
		D7037ABF1C58C726002A955E /* menu_testint01_256.png */ = {isa = PBXFileReference; lastKnownFileType = image.png; path = menu_testint01_256.png; sourceTree = "<group>"; };
		D7037AC01C58C726002A955E /* menubar01.9.png */ = {isa = PBXFileReference; lastKnownFileType = image.png; path = menubar01.9.png; sourceTree = "<group>"; };
		D7037AC11C58C726002A955E /* menuitem_seasrchagent_256.png */ = {isa = PBXFileReference; lastKnownFileType = image.png; path = menuitem_seasrchagent_256.png; sourceTree = "<group>"; };
		D7037AC21C58C726002A955E /* msgicon_fb.png */ = {isa = PBXFileReference; lastKnownFileType = image.png; path = msgicon_fb.png; sourceTree = "<group>"; };
		D7037AC31C58C726002A955E /* msgicon_line.png */ = {isa = PBXFileReference; lastKnownFileType = image.png; path = msgicon_line.png; sourceTree = "<group>"; };
		D7037AC41C58C726002A955E /* msgicon_qq.png */ = {isa = PBXFileReference; lastKnownFileType = image.png; path = msgicon_qq.png; sourceTree = "<group>"; };
		D7037AC51C58C726002A955E /* msgicon_wechat.png */ = {isa = PBXFileReference; lastKnownFileType = image.png; path = msgicon_wechat.png; sourceTree = "<group>"; };
		D7037AC61C58C726002A955E /* news01_128.png */ = {isa = PBXFileReference; lastKnownFileType = image.png; path = news01_128.png; sourceTree = "<group>"; };
		D7037AC71C58C726002A955E /* okteta_128.png */ = {isa = PBXFileReference; lastKnownFileType = image.png; path = okteta_128.png; sourceTree = "<group>"; };
		D7037AC81C58C726002A955E /* photo1.png */ = {isa = PBXFileReference; lastKnownFileType = image.png; path = photo1.png; sourceTree = "<group>"; };
		D7037AC91C58C726002A955E /* planner_256.png */ = {isa = PBXFileReference; lastKnownFileType = image.png; path = planner_256.png; sourceTree = "<group>"; };
		D7037ACA1C58C726002A955E /* running_man_128.png */ = {isa = PBXFileReference; lastKnownFileType = image.png; path = running_man_128.png; sourceTree = "<group>"; };
		D7037ACB1C58C726002A955E /* save_128.png */ = {isa = PBXFileReference; lastKnownFileType = image.png; path = save_128.png; sourceTree = "<group>"; };
		D7037ACC1C58C726002A955E /* scribus_128.png */ = {isa = PBXFileReference; lastKnownFileType = image.png; path = scribus_128.png; sourceTree = "<group>"; };
		D7037ACD1C58C726002A955E /* search01_128.png */ = {isa = PBXFileReference; lastKnownFileType = image.png; path = search01_128.png; sourceTree = "<group>"; };
		D7037ACE1C58C726002A955E /* search02.png */ = {isa = PBXFileReference; lastKnownFileType = image.png; path = search02.png; sourceTree = "<group>"; };
		D7037ACF1C58C726002A955E /* search03.png */ = {isa = PBXFileReference; lastKnownFileType = image.png; path = search03.png; sourceTree = "<group>"; };
		D7037AD01C58C726002A955E /* menu_message.png */ = {isa = PBXFileReference; lastKnownFileType = image.png; path = menu_message.png; sourceTree = "<group>"; };
		D7037AD11C58C726002A955E /* staff_128.png */ = {isa = PBXFileReference; lastKnownFileType = image.png; path = staff_128.png; sourceTree = "<group>"; };
		D7037AD21C58C726002A955E /* menu_staff.png */ = {isa = PBXFileReference; lastKnownFileType = image.png; path = menu_staff.png; sourceTree = "<group>"; };
		D7037AD31C58C726002A955E /* staff_128_02.png */ = {isa = PBXFileReference; lastKnownFileType = image.png; path = staff_128_02.png; sourceTree = "<group>"; };
		D7037AD41C58C726002A955E /* stocksearch_128.png */ = {isa = PBXFileReference; lastKnownFileType = image.png; path = stocksearch_128.png; sourceTree = "<group>"; };
		D7037AD51C58C726002A955E /* menu_testing.png */ = {isa = PBXFileReference; lastKnownFileType = image.png; path = menu_testing.png; sourceTree = "<group>"; };
		D7037AD61C58C726002A955E /* unchecked_checkbox_128.png */ = {isa = PBXFileReference; lastKnownFileType = image.png; path = unchecked_checkbox_128.png; sourceTree = "<group>"; };
		D7037AD71C58C726002A955E /* user_128.png */ = {isa = PBXFileReference; lastKnownFileType = image.png; path = user_128.png; sourceTree = "<group>"; };
		D7037AD81C58C726002A955E /* user_empty01.png */ = {isa = PBXFileReference; lastKnownFileType = image.png; path = user_empty01.png; sourceTree = "<group>"; };
		D7037AD91C58C726002A955E /* viewedocument_128.png */ = {isa = PBXFileReference; lastKnownFileType = image.png; path = viewedocument_128.png; sourceTree = "<group>"; };
		D7072BA11C62F04D00A6DDF5 /* html */ = {isa = PBXFileReference; lastKnownFileType = folder; path = html; sourceTree = "<group>"; };
		D70854461C7D622500861694 /* PurchaseListCell.swift */ = {isa = PBXFileReference; fileEncoding = 4; lastKnownFileType = sourcecode.swift; name = PurchaseListCell.swift; path = Product/PurchaseListCell.swift; sourceTree = "<group>"; };
		D70854481C7D69C400861694 /* PurchaseListDetail.swift */ = {isa = PBXFileReference; fileEncoding = 4; lastKnownFileType = sourcecode.swift; name = PurchaseListDetail.swift; path = Product/PurchaseListDetail.swift; sourceTree = "<group>"; };
		D708544A1C7DA3D600861694 /* PurchaseReturnAdd.swift */ = {isa = PBXFileReference; fileEncoding = 4; lastKnownFileType = sourcecode.swift; name = PurchaseReturnAdd.swift; path = Product/PurchaseReturnAdd.swift; sourceTree = "<group>"; };
		D70CD93D1C72CBF8008E79E1 /* CourseSale.swift */ = {isa = PBXFileReference; fileEncoding = 4; lastKnownFileType = sourcecode.swift; name = CourseSale.swift; path = CourseSale/CourseSale.swift; sourceTree = "<group>"; };
		D70CD93E1C72CBF8008E79E1 /* CourseSaleCourseSel.swift */ = {isa = PBXFileReference; fileEncoding = 4; lastKnownFileType = sourcecode.swift; name = CourseSaleCourseSel.swift; path = CourseSale/CourseSaleCourseSel.swift; sourceTree = "<group>"; };
		D70CD93F1C72CBF8008E79E1 /* CourseSaleMemberSel.swift */ = {isa = PBXFileReference; fileEncoding = 4; lastKnownFileType = sourcecode.swift; name = CourseSaleMemberSel.swift; path = CourseSale/CourseSaleMemberSel.swift; sourceTree = "<group>"; };
		D70CD9401C72CBF8008E79E1 /* CourseSaleSugst.swift */ = {isa = PBXFileReference; fileEncoding = 4; lastKnownFileType = sourcecode.swift; name = CourseSaleSugst.swift; path = CourseSale/CourseSaleSugst.swift; sourceTree = "<group>"; };
		D70CD9411C72CBF8008E79E1 /* PubCourseSaleAdEd.swift */ = {isa = PBXFileReference; fileEncoding = 4; lastKnownFileType = sourcecode.swift; name = PubCourseSaleAdEd.swift; path = CourseSale/PubCourseSaleAdEd.swift; sourceTree = "<group>"; };
		D70CD9471C72CC42008E79E1 /* SugstChildPage.swift */ = {isa = PBXFileReference; fileEncoding = 4; lastKnownFileType = sourcecode.swift; name = SugstChildPage.swift; path = CourseSale/SugstChildPage.swift; sourceTree = "<group>"; };
		D70CD9491C731DF5008E79E1 /* SugstChildColtCell.swift */ = {isa = PBXFileReference; fileEncoding = 4; lastKnownFileType = sourcecode.swift; name = SugstChildColtCell.swift; path = CourseSale/SugstChildColtCell.swift; sourceTree = "<group>"; };
		D7134FF81C5F5A990069ACF1 /* MemberMain.swift */ = {isa = PBXFileReference; fileEncoding = 4; lastKnownFileType = sourcecode.swift; name = MemberMain.swift; path = Member/MemberMain.swift; sourceTree = "<group>"; };
		D7150E3E1C5C5B8E00C9FE8B /* MemberList.swift */ = {isa = PBXFileReference; fileEncoding = 4; lastKnownFileType = sourcecode.swift; name = MemberList.swift; path = Member/MemberList.swift; sourceTree = "<group>"; };
		D7150E421C5C6E8000C9FE8B /* MemberAdEd.swift */ = {isa = PBXFileReference; fileEncoding = 4; lastKnownFileType = sourcecode.swift; name = MemberAdEd.swift; path = Member/MemberAdEd.swift; sourceTree = "<group>"; };
		D71DFD071C7C0EB40024BB59 /* Stock.swift */ = {isa = PBXFileReference; fileEncoding = 4; lastKnownFileType = sourcecode.swift; name = Stock.swift; path = Product/Stock.swift; sourceTree = "<group>"; };
		D71DFD0B1C7C20180024BB59 /* StockCell.swift */ = {isa = PBXFileReference; fileEncoding = 4; lastKnownFileType = sourcecode.swift; name = StockCell.swift; path = Product/StockCell.swift; sourceTree = "<group>"; };
		D71DFD0D1C7C39630024BB59 /* StockHistory.swift */ = {isa = PBXFileReference; fileEncoding = 4; lastKnownFileType = sourcecode.swift; name = StockHistory.swift; path = Product/StockHistory.swift; sourceTree = "<group>"; };
		D71DFD0F1C7C397A0024BB59 /* StockHistoryCell.swift */ = {isa = PBXFileReference; fileEncoding = 4; lastKnownFileType = sourcecode.swift; name = StockHistoryCell.swift; path = Product/StockHistoryCell.swift; sourceTree = "<group>"; };
		D71DFD111C7C53A10024BB59 /* PurchaseList.swift */ = {isa = PBXFileReference; fileEncoding = 4; lastKnownFileType = sourcecode.swift; name = PurchaseList.swift; path = Product/PurchaseList.swift; sourceTree = "<group>"; };
		D720FBA01C7458F000AE640C /* Purchase.swift */ = {isa = PBXFileReference; fileEncoding = 4; lastKnownFileType = sourcecode.swift; name = Purchase.swift; path = Product/Purchase.swift; sourceTree = "<group>"; };
		D72F26421C7AA60100717394 /* Sale.swift */ = {isa = PBXFileReference; fileEncoding = 4; lastKnownFileType = sourcecode.swift; name = Sale.swift; path = Product/Sale.swift; sourceTree = "<group>"; };
		D72F26441C7AA61900717394 /* SalePdSelt.swift */ = {isa = PBXFileReference; fileEncoding = 4; lastKnownFileType = sourcecode.swift; name = SalePdSelt.swift; path = Product/SalePdSelt.swift; sourceTree = "<group>"; };
		D72F26461C7AA63A00717394 /* SalePdSeltCell.swift */ = {isa = PBXFileReference; fileEncoding = 4; lastKnownFileType = sourcecode.swift; name = SalePdSeltCell.swift; path = Product/SalePdSeltCell.swift; sourceTree = "<group>"; };
		D72F26481C7ABD3300717394 /* PdSaleMemberSel.swift */ = {isa = PBXFileReference; fileEncoding = 4; lastKnownFileType = sourcecode.swift; name = PdSaleMemberSel.swift; path = Product/PdSaleMemberSel.swift; sourceTree = "<group>"; };
		D74652061C5CA85900190EF6 /* PickerNumber.swift */ = {isa = PBXFileReference; fileEncoding = 4; lastKnownFileType = sourcecode.swift; name = PickerNumber.swift; path = PubClass/PickerNumber.swift; sourceTree = "<group>"; };
		D7496D191C5B343200B75D6A /* MainMenuColtViewCell.swift */ = {isa = PBXFileReference; fileEncoding = 4; lastKnownFileType = sourcecode.swift; name = MainMenuColtViewCell.swift; path = MainHome/MainMenuColtViewCell.swift; sourceTree = "<group>"; };
		D7496D251C5B58CF00B75D6A /* CourseList.swift */ = {isa = PBXFileReference; fileEncoding = 4; lastKnownFileType = sourcecode.swift; name = CourseList.swift; path = ServiceMgr/CourseList.swift; sourceTree = "<group>"; };
		D7B29F781C5C712E0025C53A /* MemberAdEdContainer.swift */ = {isa = PBXFileReference; fileEncoding = 4; lastKnownFileType = sourcecode.swift; name = MemberAdEdContainer.swift; path = Member/MemberAdEdContainer.swift; sourceTree = "<group>"; };
		D7BB2ACF1C646DC800624E08 /* PubSoqibedSelect.swift */ = {isa = PBXFileReference; fileEncoding = 4; lastKnownFileType = sourcecode.swift; name = PubSoqibedSelect.swift; path = PubView/PubSoqibedSelect.swift; sourceTree = "<group>"; };
		D7BB2AD21C6477F800624E08 /* PubMemberPurchaseSelect.swift */ = {isa = PBXFileReference; fileEncoding = 4; lastKnownFileType = sourcecode.swift; name = PubMemberPurchaseSelect.swift; path = PubView/PubMemberPurchaseSelect.swift; sourceTree = "<group>"; };
		D7BB2AD61C64788700624E08 /* PubCourseSelect.swift */ = {isa = PBXFileReference; fileEncoding = 4; lastKnownFileType = sourcecode.swift; name = PubCourseSelect.swift; path = PubView/PubCourseSelect.swift; sourceTree = "<group>"; };
		D7BB2AD71C64788700624E08 /* PubCourseSelectCell.swift */ = {isa = PBXFileReference; fileEncoding = 4; lastKnownFileType = sourcecode.swift; name = PubCourseSelectCell.swift; path = PubView/PubCourseSelectCell.swift; sourceTree = "<group>"; };
		D7BB2AD81C64788700624E08 /* PubMeadDataSelect.swift */ = {isa = PBXFileReference; fileEncoding = 4; lastKnownFileType = sourcecode.swift; name = PubMeadDataSelect.swift; path = PubView/PubMeadDataSelect.swift; sourceTree = "<group>"; };
		D7BB2AD91C64788700624E08 /* PubMeadDataSelectCell.swift */ = {isa = PBXFileReference; fileEncoding = 4; lastKnownFileType = sourcecode.swift; name = PubMeadDataSelectCell.swift; path = PubView/PubMeadDataSelectCell.swift; sourceTree = "<group>"; };
		D7BB2ADA1C64788700624E08 /* PubMemberSelect.swift */ = {isa = PBXFileReference; fileEncoding = 4; lastKnownFileType = sourcecode.swift; name = PubMemberSelect.swift; path = PubView/PubMemberSelect.swift; sourceTree = "<group>"; };
		D7BB2ADB1C64788700624E08 /* PubMemberSelectCell.swift */ = {isa = PBXFileReference; fileEncoding = 4; lastKnownFileType = sourcecode.swift; name = PubMemberSelectCell.swift; path = PubView/PubMemberSelectCell.swift; sourceTree = "<group>"; };
		D7BB2AE21C64799D00624E08 /* PubMemberPurchaseSelectCell.swift */ = {isa = PBXFileReference; fileEncoding = 4; lastKnownFileType = sourcecode.swift; name = PubMemberPurchaseSelectCell.swift; path = PubView/PubMemberPurchaseSelectCell.swift; sourceTree = "<group>"; };
		D7EDE8831C60733200665542 /* MemberMainPager.swift */ = {isa = PBXFileReference; fileEncoding = 4; lastKnownFileType = sourcecode.swift; name = MemberMainPager.swift; path = Member/MemberMainPager.swift; sourceTree = "<group>"; };
		D7EDE8851C6081B800665542 /* MemberMainColtViewCell.swift */ = {isa = PBXFileReference; fileEncoding = 4; lastKnownFileType = sourcecode.swift; name = MemberMainColtViewCell.swift; path = Member/MemberMainColtViewCell.swift; sourceTree = "<group>"; };
		D7F45F421C75733400735D09 /* PurchasePdSelt.swift */ = {isa = PBXFileReference; fileEncoding = 4; lastKnownFileType = sourcecode.swift; name = PurchasePdSelt.swift; path = Product/PurchasePdSelt.swift; sourceTree = "<group>"; };
		D7F45F441C75752A00735D09 /* PurchasePdSeltCell.swift */ = {isa = PBXFileReference; fileEncoding = 4; lastKnownFileType = sourcecode.swift; name = PurchasePdSeltCell.swift; path = Product/PurchasePdSeltCell.swift; sourceTree = "<group>"; };
		D7F8BCEA1C7ED4390059E6E5 /* PurchaseDetailEdit.swift */ = {isa = PBXFileReference; fileEncoding = 4; lastKnownFileType = sourcecode.swift; name = PurchaseDetailEdit.swift; path = Product/PurchaseDetailEdit.swift; sourceTree = "<group>"; };
		D7F8BCEC1C7ED6C70059E6E5 /* PurchaseDetailEditContainer.swift */ = {isa = PBXFileReference; fileEncoding = 4; lastKnownFileType = sourcecode.swift; name = PurchaseDetailEditContainer.swift; path = Product/PurchaseDetailEditContainer.swift; sourceTree = "<group>"; };
		D7FB95391C59F17F00B48F57 /* FileMang.swift */ = {isa = PBXFileReference; fileEncoding = 4; lastKnownFileType = sourcecode.swift; name = FileMang.swift; path = PubClass/FileMang.swift; sourceTree = "<group>"; };
		D7FB953B1C59F58C00B48F57 /* MainMenu.swift */ = {isa = PBXFileReference; fileEncoding = 4; lastKnownFileType = sourcecode.swift; name = MainMenu.swift; path = MainHome/MainMenu.swift; sourceTree = "<group>"; };
/* End PBXFileReference section */

/* Begin PBXFrameworksBuildPhase section */
		D7037A4C1C58BB8B002A955E /* Frameworks */ = {
			isa = PBXFrameworksBuildPhase;
			buildActionMask = 2147483647;
			files = (
			);
			runOnlyForDeploymentPostprocessing = 0;
		};
/* End PBXFrameworksBuildPhase section */

/* Begin PBXGroup section */
		D7037A461C58BB8B002A955E = {
			isa = PBXGroup;
			children = (
				D7037A511C58BB8B002A955E /* StoreCN */,
				D7037A501C58BB8B002A955E /* Products */,
			);
			sourceTree = "<group>";
		};
		D7037A501C58BB8B002A955E /* Products */ = {
			isa = PBXGroup;
			children = (
				D7037A4F1C58BB8B002A955E /* StoreCN.app */,
			);
			name = Products;
			sourceTree = "<group>";
		};
		D7037A511C58BB8B002A955E /* StoreCN */ = {
			isa = PBXGroup;
			children = (
				D7037A791C58C446002A955E /* Info.plist */,
				D7037A6B1C58C008002A955E /* Main.storyboard */,
				D7037A661C58BCE2002A955E /* MainHome */,
				D7496D1F1C5B4DD600B75D6A /* ServiceMgr */,
				D70CD93C1C72CB24008E79E1 /* CourseSale */,
				D7496D1E1C5B4DCE00B75D6A /* Testing */,
				D7496D1B1C5B4D9700B75D6A /* Member */,
				D7496D201C5B4DE900B75D6A /* Product */,
				D7496D211C5B4DF600B75D6A /* Staff */,
				D7496D221C5B4DFF00B75D6A /* Message */,
				D7496D231C5B4E0900B75D6A /* StoreSheet */,
				D7496D241C5B4E1300B75D6A /* Config */,
				D7BB2AD11C646DD600624E08 /* PubView */,
				D7037A651C58BCD6002A955E /* PubClass */,
				D7037A861C58C726002A955E /* image */,
				D7037A7B1C58C4DA002A955E /* lang */,
				D7037A641C58BCB0002A955E /* SysFile */,
				D7072BA11C62F04D00A6DDF5 /* html */,
			);
			path = StoreCN;
			sourceTree = "<group>";
		};
		D7037A641C58BCB0002A955E /* SysFile */ = {
			isa = PBXGroup;
			children = (
				D7037A821C58C638002A955E /* InfoPlist.strings */,
				D7037A671C58BF32002A955E /* AppDelegate.swift */,
				D7037A591C58BB8B002A955E /* Assets.xcassets */,
			);
			name = SysFile;
			sourceTree = "<group>";
		};
		D7037A651C58BCD6002A955E /* PubClass */ = {
			isa = PBXGroup;
			children = (
				D7037A721C58C03F002A955E /* PubClass.swift */,
				D7037A6D1C58C03F002A955E /* CutImage.swift */,
				D7037A6F1C58C03F002A955E /* ImageClass.swift */,
				D7037A701C58C03F002A955E /* JSONClass.swift */,
				D7FB95391C59F17F00B48F57 /* FileMang.swift */,
				D7037A711C58C03F002A955E /* NoDataView.swift */,
				42E21F0E1C68825200B85EA9 /* PickerDate.swift */,
				D74652061C5CA85900190EF6 /* PickerNumber.swift */,
				42E21F121C68E6F500B85EA9 /* CalendarCellData.swift */,
			);
			name = PubClass;
			sourceTree = "<group>";
		};
		D7037A661C58BCE2002A955E /* MainHome */ = {
			isa = PBXGroup;
			children = (
				D7037A691C58BFB5002A955E /* MainLogin.swift */,
				D7FB953B1C59F58C00B48F57 /* MainMenu.swift */,
				D7496D191C5B343200B75D6A /* MainMenuColtViewCell.swift */,
			);
			name = MainHome;
			sourceTree = "<group>";
		};
		D7037A7B1C58C4DA002A955E /* lang */ = {
			isa = PBXGroup;
			children = (
				D7037A7C1C58C4DA002A955E /* Localizable.strings */,
			);
			path = lang;
			sourceTree = "<group>";
		};
		D7037A861C58C726002A955E /* image */ = {
			isa = PBXGroup;
			children = (
				D7037A871C58C726002A955E /* menu_servicemgr.png */,
				D7037A881C58C726002A955E /* app_icon01.png */,
				D7037A891C58C726002A955E /* app_icon01_512.png */,
				D7037A8A1C58C726002A955E /* arrow_down02.png */,
				D7037A8B1C58C726002A955E /* arrow_down03.png */,
				D7037A8C1C58C726002A955E /* arrow_left01.png */,
				D7037A8D1C58C726002A955E /* arrow_left02.png */,
				D7037A8E1C58C726002A955E /* arrow_right01.png */,
				D7037A8F1C58C726002A955E /* arrow_right02.png */,
				D7037A901C58C726002A955E /* arrow_up02.png */,
				D7037A911C58C726002A955E /* arrow_up03.png */,
				D7037A921C58C726002A955E /* bg_001.jpg */,
				D7037A931C58C726002A955E /* bg_002.jpg */,
				D7037A941C58C726002A955E /* bg_003.jpg */,
				D7037A951C58C726002A955E /* bluetooth_on_128.png */,
				D7037A961C58C726002A955E /* bt_disable.png */,
				D7037A971C58C726002A955E /* calculator_256.png */,
				D7037A981C58C726002A955E /* calendarclock_128.png */,
				D7037A991C58C726002A955E /* camera_256.png */,
				D7037A9A1C58C726002A955E /* camera_256_01.png */,
				D7037A9B1C58C726002A955E /* camera_shutter.png */,
				D7037A9C1C58C726002A955E /* camera_switch.png */,
				D7037A9D1C58C726002A955E /* certificate_server_128.png */,
				D7037A9E1C58C726002A955E /* checked_checkbox_128.png */,
				D7037A9F1C58C726002A955E /* menu_config.png */,
				D7037AA01C58C726002A955E /* menu_member.png */,
				D7037AA11C58C726002A955E /* del_128_001.png */,
				D7037AA21C58C726002A955E /* dev01.png */,
				D7037AA31C58C726002A955E /* dev02.png */,
				D7037AA41C58C726002A955E /* dev03.png */,
				D7037AA51C58C726002A955E /* dev04.png */,
				D7037AA61C58C726002A955E /* doctor01.png */,
				D7037AA71C58C726002A955E /* edit_128_001.png */,
				D7037AA81C58C726002A955E /* editpaste_128.png */,
				D7037AA91C58C726002A955E /* engval_down.png */,
				D7037AAA1C58C726002A955E /* engval_up.png */,
				D7037AAB1C58C726002A955E /* f1_l_p.jpg */,
				D7037AAC1C58C726002A955E /* f2_l_p.jpg */,
				D7037AAD1C58C726002A955E /* homelogo_001.png */,
				D7037AAE1C58C726002A955E /* homelogo_002.png */,
				D7037AAF1C58C726002A955E /* homelogo_003.png */,
				D7037AB01C58C726002A955E /* ic_menu_copy_holo_light.png */,
				D7037AB11C58C726002A955E /* menu_storesheet.png */,
				D7037AB21C58C726002A955E /* klipper_128.png */,
				D7037AB31C58C726002A955E /* kspread_128.png */,
				D7037AB41C58C726002A955E /* menu_product.png */,
				D7037AB51C58C726002A955E /* kword_128.png */,
				D7037AB61C58C726002A955E /* logo_isoqi01.png */,
				D7037AB71C58C726002A955E /* logo_merit01.png */,
				D7037AB81C58C726002A955E /* logo_merit02.png */,
				D7037AB91C58C726002A955E /* mailreceive_128.png */,
				D7037ABA1C58C726002A955E /* menu_calendar01_256.png */,
				D7037ABB1C58C726002A955E /* menu_calendar_256.png */,
				D7037ABC1C58C726002A955E /* menu_icon2_256.png */,
				D7037ABD1C58C726002A955E /* menu_message_256.png */,
				D7037ABE1C58C726002A955E /* menu_testing.png */,
				D7037ABF1C58C726002A955E /* menu_testint01_256.png */,
				D7037AC01C58C726002A955E /* menubar01.9.png */,
				D7037AC11C58C726002A955E /* menuitem_seasrchagent_256.png */,
				D7037AC21C58C726002A955E /* msgicon_fb.png */,
				D7037AC31C58C726002A955E /* msgicon_line.png */,
				D7037AC41C58C726002A955E /* msgicon_qq.png */,
				D7037AC51C58C726002A955E /* msgicon_wechat.png */,
				D7037AC61C58C726002A955E /* news01_128.png */,
				D7037AC71C58C726002A955E /* okteta_128.png */,
				D7037AC81C58C726002A955E /* photo1.png */,
				D7037AC91C58C726002A955E /* planner_256.png */,
				D7037ACA1C58C726002A955E /* running_man_128.png */,
				D7037ACB1C58C726002A955E /* save_128.png */,
				D7037ACC1C58C726002A955E /* scribus_128.png */,
				D7037ACD1C58C726002A955E /* search01_128.png */,
				D7037ACE1C58C726002A955E /* search02.png */,
				D7037ACF1C58C726002A955E /* search03.png */,
				D7037AD01C58C726002A955E /* menu_message.png */,
				D7037AD11C58C726002A955E /* staff_128.png */,
				D7037AD21C58C726002A955E /* menu_staff.png */,
				D7037AD31C58C726002A955E /* staff_128_02.png */,
				D7037AD41C58C726002A955E /* stocksearch_128.png */,
				D7037AD51C58C726002A955E /* menu_testing.png */,
				D7037AD61C58C726002A955E /* unchecked_checkbox_128.png */,
				D7037AD71C58C726002A955E /* user_128.png */,
				D7037AD81C58C726002A955E /* user_empty01.png */,
				D7037AD91C58C726002A955E /* viewedocument_128.png */,
			);
			path = image;
			sourceTree = "<group>";
		};
		D70CD93C1C72CB24008E79E1 /* CourseSale */ = {
			isa = PBXGroup;
			children = (
				D70CD93D1C72CBF8008E79E1 /* CourseSale.swift */,
				D70CD9411C72CBF8008E79E1 /* PubCourseSaleAdEd.swift */,
				D70CD93E1C72CBF8008E79E1 /* CourseSaleCourseSel.swift */,
				D70CD93F1C72CBF8008E79E1 /* CourseSaleMemberSel.swift */,
				D70CD9401C72CBF8008E79E1 /* CourseSaleSugst.swift */,
				D70CD9471C72CC42008E79E1 /* SugstChildPage.swift */,
				D70CD9491C731DF5008E79E1 /* SugstChildColtCell.swift */,
			);
			name = CourseSale;
			sourceTree = "<group>";
		};
		D7496D1B1C5B4D9700B75D6A /* Member */ = {
			isa = PBXGroup;
			children = (
				D7150E3E1C5C5B8E00C9FE8B /* MemberList.swift */,
				D7134FF81C5F5A990069ACF1 /* MemberMain.swift */,
				D7EDE8851C6081B800665542 /* MemberMainColtViewCell.swift */,
				D7EDE8831C60733200665542 /* MemberMainPager.swift */,
				D7150E421C5C6E8000C9FE8B /* MemberAdEd.swift */,
				D7B29F781C5C712E0025C53A /* MemberAdEdContainer.swift */,
			);
			name = Member;
			sourceTree = "<group>";
		};
		D7496D1E1C5B4DCE00B75D6A /* Testing */ = {
			isa = PBXGroup;
			children = (
			);
			name = Testing;
			sourceTree = "<group>";
		};
		D7496D1F1C5B4DD600B75D6A /* ServiceMgr */ = {
			isa = PBXGroup;
			children = (
				D7496D251C5B58CF00B75D6A /* CourseList.swift */,
				42E21F0A1C68800500B85EA9 /* CourseReserv.swift */,
				42F6E3641C6B86AE00C9BB94 /* ReservListCell.swift */,
			);
			name = ServiceMgr;
			sourceTree = "<group>";
		};
		D7496D201C5B4DE900B75D6A /* Product */ = {
			isa = PBXGroup;
			children = (
				D720FBA01C7458F000AE640C /* Purchase.swift */,
				D7F45F421C75733400735D09 /* PurchasePdSelt.swift */,
				D7F45F441C75752A00735D09 /* PurchasePdSeltCell.swift */,
				D72F26421C7AA60100717394 /* Sale.swift */,
				D72F26441C7AA61900717394 /* SalePdSelt.swift */,
				D72F26461C7AA63A00717394 /* SalePdSeltCell.swift */,
				D72F26481C7ABD3300717394 /* PdSaleMemberSel.swift */,
				D71DFD071C7C0EB40024BB59 /* Stock.swift */,
				D71DFD0B1C7C20180024BB59 /* StockCell.swift */,
				D71DFD0D1C7C39630024BB59 /* StockHistory.swift */,
				D71DFD0F1C7C397A0024BB59 /* StockHistoryCell.swift */,
				D71DFD111C7C53A10024BB59 /* PurchaseList.swift */,
				D70854461C7D622500861694 /* PurchaseListCell.swift */,
				D70854481C7D69C400861694 /* PurchaseListDetail.swift */,
				D708544A1C7DA3D600861694 /* PurchaseReturnAdd.swift */,
				D7F8BCEA1C7ED4390059E6E5 /* PurchaseDetailEdit.swift */,
				D7F8BCEC1C7ED6C70059E6E5 /* PurchaseDetailEditContainer.swift */,
			);
			name = Product;
			sourceTree = "<group>";
		};
		D7496D211C5B4DF600B75D6A /* Staff */ = {
			isa = PBXGroup;
			children = (
			);
			name = Staff;
			sourceTree = "<group>";
		};
		D7496D221C5B4DFF00B75D6A /* Message */ = {
			isa = PBXGroup;
			children = (
			);
			name = Message;
			sourceTree = "<group>";
		};
		D7496D231C5B4E0900B75D6A /* StoreSheet */ = {
			isa = PBXGroup;
			children = (
			);
			name = StoreSheet;
			sourceTree = "<group>";
		};
		D7496D241C5B4E1300B75D6A /* Config */ = {
			isa = PBXGroup;
			children = (
			);
			name = Config;
			sourceTree = "<group>";
		};
		D7BB2AD11C646DD600624E08 /* PubView */ = {
			isa = PBXGroup;
			children = (
				D7BB2AD61C64788700624E08 /* PubCourseSelect.swift */,
				D7BB2AD71C64788700624E08 /* PubCourseSelectCell.swift */,
				D7BB2AD81C64788700624E08 /* PubMeadDataSelect.swift */,
				D7BB2AD91C64788700624E08 /* PubMeadDataSelectCell.swift */,
				D7BB2ADA1C64788700624E08 /* PubMemberSelect.swift */,
				D7BB2ADB1C64788700624E08 /* PubMemberSelectCell.swift */,
				D7BB2ACF1C646DC800624E08 /* PubSoqibedSelect.swift */,
				D7BB2AD21C6477F800624E08 /* PubMemberPurchaseSelect.swift */,
				D7BB2AE21C64799D00624E08 /* PubMemberPurchaseSelectCell.swift */,
				42E21F101C68826500B85EA9 /* PubCalendarCell.swift */,
			);
			name = PubView;
			sourceTree = "<group>";
		};
/* End PBXGroup section */

/* Begin PBXNativeTarget section */
		D7037A4E1C58BB8B002A955E /* StoreCN */ = {
			isa = PBXNativeTarget;
			buildConfigurationList = D7037A611C58BB8B002A955E /* Build configuration list for PBXNativeTarget "StoreCN" */;
			buildPhases = (
				D7037A4B1C58BB8B002A955E /* Sources */,
				D7037A4C1C58BB8B002A955E /* Frameworks */,
				D7037A4D1C58BB8B002A955E /* Resources */,
			);
			buildRules = (
			);
			dependencies = (
			);
			name = StoreCN;
			productName = StoreCN;
			productReference = D7037A4F1C58BB8B002A955E /* StoreCN.app */;
			productType = "com.apple.product-type.application";
		};
/* End PBXNativeTarget section */

/* Begin PBXProject section */
		D7037A471C58BB8B002A955E /* Project object */ = {
			isa = PBXProject;
			attributes = {
				LastSwiftUpdateCheck = 0720;
				LastUpgradeCheck = 0720;
				ORGANIZATIONNAME = htemis;
				TargetAttributes = {
					D7037A4E1C58BB8B002A955E = {
						CreatedOnToolsVersion = 7.2;
					};
				};
			};
			buildConfigurationList = D7037A4A1C58BB8B002A955E /* Build configuration list for PBXProject "StoreCN" */;
			compatibilityVersion = "Xcode 3.2";
			developmentRegion = English;
			hasScannedForEncodings = 0;
			knownRegions = (
				en,
				Base,
				"zh-Hans",
			);
			mainGroup = D7037A461C58BB8B002A955E;
			productRefGroup = D7037A501C58BB8B002A955E /* Products */;
			projectDirPath = "";
			projectRoot = "";
			targets = (
				D7037A4E1C58BB8B002A955E /* StoreCN */,
			);
		};
/* End PBXProject section */

/* Begin PBXResourcesBuildPhase section */
		D7037A4D1C58BB8B002A955E /* Resources */ = {
			isa = PBXResourcesBuildPhase;
			buildActionMask = 2147483647;
			files = (
				D7037AF71C58C726002A955E /* dev03.png in Resources */,
				D7037B001C58C726002A955E /* homelogo_001.png in Resources */,
				D7037A5A1C58BB8B002A955E /* Assets.xcassets in Resources */,
				D7037B271C58C726002A955E /* stocksearch_128.png in Resources */,
				D7037AF41C58C726002A955E /* del_128_001.png in Resources */,
				D7072BA21C62F04D00A6DDF5 /* html in Resources */,
				D7037B101C58C726002A955E /* menu_message_256.png in Resources */,
				D7037AF31C58C726002A955E /* menu_member.png in Resources */,
				D7037B131C58C726002A955E /* menubar01.9.png in Resources */,
				D7037B141C58C726002A955E /* menuitem_seasrchagent_256.png in Resources */,
				D7037B261C58C726002A955E /* staff_128_02.png in Resources */,
				D7037ADD1C58C726002A955E /* arrow_down02.png in Resources */,
				D7037B1A1C58C726002A955E /* okteta_128.png in Resources */,
				D7037AE21C58C726002A955E /* arrow_right02.png in Resources */,
				D7037B231C58C726002A955E /* menu_message.png in Resources */,
				D7037B021C58C726002A955E /* homelogo_003.png in Resources */,
				D7037B2B1C58C726002A955E /* user_empty01.png in Resources */,
				D7037AE41C58C726002A955E /* arrow_up03.png in Resources */,
				D7037B241C58C726002A955E /* staff_128.png in Resources */,
				D7037AF81C58C726002A955E /* dev04.png in Resources */,
				D7037B041C58C726002A955E /* menu_storesheet.png in Resources */,
				D7037AEE1C58C726002A955E /* camera_shutter.png in Resources */,
				D7037AE01C58C726002A955E /* arrow_left02.png in Resources */,
				D7037B281C58C726002A955E /* menu_testing.png in Resources */,
				D7037B011C58C726002A955E /* homelogo_002.png in Resources */,
				D7037A811C58C4DA002A955E /* Localizable.strings in Resources */,
				D7037AEF1C58C726002A955E /* camera_switch.png in Resources */,
				D7037AF01C58C726002A955E /* certificate_server_128.png in Resources */,
				D7037AEC1C58C726002A955E /* camera_256.png in Resources */,
				D7037AF11C58C726002A955E /* checked_checkbox_128.png in Resources */,
				D7037B151C58C726002A955E /* msgicon_fb.png in Resources */,
				D7037ADA1C58C726002A955E /* menu_servicemgr.png in Resources */,
				D7037AED1C58C726002A955E /* camera_256_01.png in Resources */,
				D7037B0D1C58C726002A955E /* menu_calendar01_256.png in Resources */,
				D7037B2C1C58C726002A955E /* viewedocument_128.png in Resources */,
				D7037AE31C58C726002A955E /* arrow_up02.png in Resources */,
				D7037AE11C58C726002A955E /* arrow_right01.png in Resources */,
				D7037B0B1C58C726002A955E /* logo_merit02.png in Resources */,
				D7037B071C58C726002A955E /* menu_product.png in Resources */,
				D7037AEB1C58C726002A955E /* calendarclock_128.png in Resources */,
				D7037AF91C58C726002A955E /* doctor01.png in Resources */,
				D7037AFF1C58C726002A955E /* f2_l_p.jpg in Resources */,
				D7037B221C58C726002A955E /* search03.png in Resources */,
				D7037ADB1C58C726002A955E /* app_icon01.png in Resources */,
				D7037AFE1C58C726002A955E /* f1_l_p.jpg in Resources */,
				D7037B0C1C58C726002A955E /* mailreceive_128.png in Resources */,
				D7037B081C58C726002A955E /* kword_128.png in Resources */,
				D7037B191C58C726002A955E /* news01_128.png in Resources */,
				D7037AFC1C58C726002A955E /* engval_down.png in Resources */,
				D7037A6C1C58C008002A955E /* Main.storyboard in Resources */,
				D7037AE81C58C726002A955E /* bluetooth_on_128.png in Resources */,
				D7037ADE1C58C726002A955E /* arrow_down03.png in Resources */,
				D7037B1E1C58C726002A955E /* save_128.png in Resources */,
				D7037AF51C58C726002A955E /* dev01.png in Resources */,
				D7037B0F1C58C726002A955E /* menu_icon2_256.png in Resources */,
				D7037B211C58C726002A955E /* search02.png in Resources */,
				D7037AE51C58C726002A955E /* bg_001.jpg in Resources */,
				D7037B1D1C58C726002A955E /* running_man_128.png in Resources */,
				D7037B0E1C58C726002A955E /* menu_calendar_256.png in Resources */,
				D7037AFD1C58C726002A955E /* engval_up.png in Resources */,
				D7037ADF1C58C726002A955E /* arrow_left01.png in Resources */,
				D7037AE61C58C726002A955E /* bg_002.jpg in Resources */,
				D7037B031C58C726002A955E /* ic_menu_copy_holo_light.png in Resources */,
				D7037ADC1C58C726002A955E /* app_icon01_512.png in Resources */,
				D7037B161C58C726002A955E /* msgicon_line.png in Resources */,
				D7037AFA1C58C726002A955E /* edit_128_001.png in Resources */,
				D7037B171C58C726002A955E /* msgicon_qq.png in Resources */,
				D7037B1B1C58C726002A955E /* photo1.png in Resources */,
				D7037B0A1C58C726002A955E /* logo_merit01.png in Resources */,
				D7037B2A1C58C726002A955E /* user_128.png in Resources */,
				D7037B181C58C726002A955E /* msgicon_wechat.png in Resources */,
				D7037AF21C58C726002A955E /* menu_config.png in Resources */,
				D7037AE71C58C726002A955E /* bg_003.jpg in Resources */,
				D7037B201C58C726002A955E /* search01_128.png in Resources */,
				D7037AFB1C58C726002A955E /* editpaste_128.png in Resources */,
				D7037AEA1C58C726002A955E /* calculator_256.png in Resources */,
				D7037B091C58C726002A955E /* logo_isoqi01.png in Resources */,
				D7037AE91C58C726002A955E /* bt_disable.png in Resources */,
				D7037B061C58C726002A955E /* kspread_128.png in Resources */,
				D7037A841C58C638002A955E /* InfoPlist.strings in Resources */,
				D7037B291C58C726002A955E /* unchecked_checkbox_128.png in Resources */,
				D7037B251C58C726002A955E /* menu_staff.png in Resources */,
				D7037AF61C58C726002A955E /* dev02.png in Resources */,
				D7037B051C58C726002A955E /* klipper_128.png in Resources */,
				D7037B1F1C58C726002A955E /* scribus_128.png in Resources */,
				D7037B1C1C58C726002A955E /* planner_256.png in Resources */,
				D7037B121C58C726002A955E /* menu_testint01_256.png in Resources */,
			);
			runOnlyForDeploymentPostprocessing = 0;
		};
/* End PBXResourcesBuildPhase section */

/* Begin PBXSourcesBuildPhase section */
		D7037A4B1C58BB8B002A955E /* Sources */ = {
			isa = PBXSourcesBuildPhase;
			buildActionMask = 2147483647;
			files = (
				D7150E3F1C5C5B8E00C9FE8B /* MemberList.swift in Sources */,
				D71DFD0E1C7C39630024BB59 /* StockHistory.swift in Sources */,
				42E21F131C68E6F500B85EA9 /* CalendarCellData.swift in Sources */,
				42F6E3651C6B86AE00C9BB94 /* ReservListCell.swift in Sources */,
				D7150E431C5C6E8000C9FE8B /* MemberAdEd.swift in Sources */,
				D7BB2AE31C64799D00624E08 /* PubMemberPurchaseSelectCell.swift in Sources */,
				D74652071C5CA85900190EF6 /* PickerNumber.swift in Sources */,
				D70CD9421C72CBF8008E79E1 /* CourseSale.swift in Sources */,
				D7037A731C58C03F002A955E /* CutImage.swift in Sources */,
				D7BB2ADF1C64788700624E08 /* PubMeadDataSelectCell.swift in Sources */,
				42E21F0F1C68825200B85EA9 /* PickerDate.swift in Sources */,
				D7FB953C1C59F58C00B48F57 /* MainMenu.swift in Sources */,
				D70854471C7D622500861694 /* PurchaseListCell.swift in Sources */,
				D7037A751C58C03F002A955E /* ImageClass.swift in Sources */,
				D7496D261C5B58CF00B75D6A /* CourseList.swift in Sources */,
				42E21F0B1C68800500B85EA9 /* CourseReserv.swift in Sources */,
				D71DFD0C1C7C20180024BB59 /* StockCell.swift in Sources */,
				D7F8BCED1C7ED6C70059E6E5 /* PurchaseDetailEditContainer.swift in Sources */,
				D7037A771C58C03F002A955E /* NoDataView.swift in Sources */,
				D71DFD081C7C0EB40024BB59 /* Stock.swift in Sources */,
				D7496D1A1C5B343200B75D6A /* MainMenuColtViewCell.swift in Sources */,
				D70CD9451C72CBF8008E79E1 /* CourseSaleSugst.swift in Sources */,
				D71DFD121C7C53A10024BB59 /* PurchaseList.swift in Sources */,
				D708544B1C7DA3D600861694 /* PurchaseReturnAdd.swift in Sources */,
				D70CD94A1C731DF5008E79E1 /* SugstChildColtCell.swift in Sources */,
				42E21F111C68826500B85EA9 /* PubCalendarCell.swift in Sources */,
				D72F26491C7ABD3300717394 /* PdSaleMemberSel.swift in Sources */,
				D70CD9461C72CBF8008E79E1 /* PubCourseSaleAdEd.swift in Sources */,
				D70CD9441C72CBF8008E79E1 /* CourseSaleMemberSel.swift in Sources */,
				D7BB2AD31C6477F800624E08 /* PubMemberPurchaseSelect.swift in Sources */,
				D72F26451C7AA61900717394 /* SalePdSelt.swift in Sources */,
				D7BB2ADE1C64788700624E08 /* PubMeadDataSelect.swift in Sources */,
				D7F45F431C75733400735D09 /* PurchasePdSelt.swift in Sources */,
				D7BB2ADD1C64788700624E08 /* PubCourseSelectCell.swift in Sources */,
				D7037A6A1C58BFB5002A955E /* MainLogin.swift in Sources */,
				D7FB953A1C59F17F00B48F57 /* FileMang.swift in Sources */,
				D7BB2AE01C64788700624E08 /* PubMemberSelect.swift in Sources */,
				D7F45F451C75752A00735D09 /* PurchasePdSeltCell.swift in Sources */,
				D70CD9431C72CBF8008E79E1 /* CourseSaleCourseSel.swift in Sources */,
				D7EDE8861C6081B800665542 /* MemberMainColtViewCell.swift in Sources */,
				D70CD9481C72CC42008E79E1 /* SugstChildPage.swift in Sources */,
				D7EDE8841C60733200665542 /* MemberMainPager.swift in Sources */,
				D7BB2AD01C646DC800624E08 /* PubSoqibedSelect.swift in Sources */,
				D7037A761C58C03F002A955E /* JSONClass.swift in Sources */,
				D7B29F791C5C712E0025C53A /* MemberAdEdContainer.swift in Sources */,
				D7134FF91C5F5A990069ACF1 /* MemberMain.swift in Sources */,
				D7BB2AE11C64788700624E08 /* PubMemberSelectCell.swift in Sources */,
				D71DFD101C7C397A0024BB59 /* StockHistoryCell.swift in Sources */,
				D720FBA11C7458F000AE640C /* Purchase.swift in Sources */,
				D70854491C7D69C400861694 /* PurchaseListDetail.swift in Sources */,
				D7037A781C58C03F002A955E /* PubClass.swift in Sources */,
				D7BB2ADC1C64788700624E08 /* PubCourseSelect.swift in Sources */,
				D7037A681C58BF32002A955E /* AppDelegate.swift in Sources */,
				D72F26431C7AA60100717394 /* Sale.swift in Sources */,
				D7F8BCEB1C7ED4390059E6E5 /* PurchaseDetailEdit.swift in Sources */,
				D72F26471C7AA63A00717394 /* SalePdSeltCell.swift in Sources */,
			);
			runOnlyForDeploymentPostprocessing = 0;
		};
/* End PBXSourcesBuildPhase section */

/* Begin PBXVariantGroup section */
		D7037A7C1C58C4DA002A955E /* Localizable.strings */ = {
			isa = PBXVariantGroup;
			children = (
				D7037A7D1C58C4DA002A955E /* Base */,
				D7037A7F1C58C4DA002A955E /* zh-Hans */,
			);
			name = Localizable.strings;
			sourceTree = "<group>";
		};
		D7037A821C58C638002A955E /* InfoPlist.strings */ = {
			isa = PBXVariantGroup;
			children = (
				D7037A831C58C638002A955E /* Base */,
				D7037A851C58C64A002A955E /* zh-Hans */,
			);
			name = InfoPlist.strings;
			sourceTree = "<group>";
		};
/* End PBXVariantGroup section */

/* Begin XCBuildConfiguration section */
		D7037A5F1C58BB8B002A955E /* Debug */ = {
			isa = XCBuildConfiguration;
			buildSettings = {
				ALWAYS_SEARCH_USER_PATHS = NO;
				CLANG_CXX_LANGUAGE_STANDARD = "gnu++0x";
				CLANG_CXX_LIBRARY = "libc++";
				CLANG_ENABLE_MODULES = YES;
				CLANG_ENABLE_OBJC_ARC = YES;
				CLANG_WARN_BOOL_CONVERSION = YES;
				CLANG_WARN_CONSTANT_CONVERSION = YES;
				CLANG_WARN_DIRECT_OBJC_ISA_USAGE = YES_ERROR;
				CLANG_WARN_EMPTY_BODY = YES;
				CLANG_WARN_ENUM_CONVERSION = YES;
				CLANG_WARN_INT_CONVERSION = YES;
				CLANG_WARN_OBJC_ROOT_CLASS = YES_ERROR;
				CLANG_WARN_UNREACHABLE_CODE = YES;
				CLANG_WARN__DUPLICATE_METHOD_MATCH = YES;
				"CODE_SIGN_IDENTITY[sdk=iphoneos*]" = "iPhone Developer";
				COPY_PHASE_STRIP = NO;
				DEBUG_INFORMATION_FORMAT = dwarf;
				ENABLE_STRICT_OBJC_MSGSEND = YES;
				ENABLE_TESTABILITY = YES;
				GCC_C_LANGUAGE_STANDARD = gnu99;
				GCC_DYNAMIC_NO_PIC = NO;
				GCC_NO_COMMON_BLOCKS = YES;
				GCC_OPTIMIZATION_LEVEL = 0;
				GCC_PREPROCESSOR_DEFINITIONS = (
					"DEBUG=1",
					"$(inherited)",
				);
				GCC_WARN_64_TO_32_BIT_CONVERSION = YES;
				GCC_WARN_ABOUT_RETURN_TYPE = YES_ERROR;
				GCC_WARN_UNDECLARED_SELECTOR = YES;
				GCC_WARN_UNINITIALIZED_AUTOS = YES_AGGRESSIVE;
				GCC_WARN_UNUSED_FUNCTION = YES;
				GCC_WARN_UNUSED_VARIABLE = YES;
				IPHONEOS_DEPLOYMENT_TARGET = 9.2;
				MTL_ENABLE_DEBUG_INFO = YES;
				ONLY_ACTIVE_ARCH = YES;
				SDKROOT = iphoneos;
				SWIFT_OPTIMIZATION_LEVEL = "-Onone";
			};
			name = Debug;
		};
		D7037A601C58BB8B002A955E /* Release */ = {
			isa = XCBuildConfiguration;
			buildSettings = {
				ALWAYS_SEARCH_USER_PATHS = NO;
				CLANG_CXX_LANGUAGE_STANDARD = "gnu++0x";
				CLANG_CXX_LIBRARY = "libc++";
				CLANG_ENABLE_MODULES = YES;
				CLANG_ENABLE_OBJC_ARC = YES;
				CLANG_WARN_BOOL_CONVERSION = YES;
				CLANG_WARN_CONSTANT_CONVERSION = YES;
				CLANG_WARN_DIRECT_OBJC_ISA_USAGE = YES_ERROR;
				CLANG_WARN_EMPTY_BODY = YES;
				CLANG_WARN_ENUM_CONVERSION = YES;
				CLANG_WARN_INT_CONVERSION = YES;
				CLANG_WARN_OBJC_ROOT_CLASS = YES_ERROR;
				CLANG_WARN_UNREACHABLE_CODE = YES;
				CLANG_WARN__DUPLICATE_METHOD_MATCH = YES;
				"CODE_SIGN_IDENTITY[sdk=iphoneos*]" = "iPhone Developer";
				COPY_PHASE_STRIP = NO;
				DEBUG_INFORMATION_FORMAT = "dwarf-with-dsym";
				ENABLE_NS_ASSERTIONS = NO;
				ENABLE_STRICT_OBJC_MSGSEND = YES;
				GCC_C_LANGUAGE_STANDARD = gnu99;
				GCC_NO_COMMON_BLOCKS = YES;
				GCC_WARN_64_TO_32_BIT_CONVERSION = YES;
				GCC_WARN_ABOUT_RETURN_TYPE = YES_ERROR;
				GCC_WARN_UNDECLARED_SELECTOR = YES;
				GCC_WARN_UNINITIALIZED_AUTOS = YES_AGGRESSIVE;
				GCC_WARN_UNUSED_FUNCTION = YES;
				GCC_WARN_UNUSED_VARIABLE = YES;
				IPHONEOS_DEPLOYMENT_TARGET = 9.2;
				MTL_ENABLE_DEBUG_INFO = NO;
				SDKROOT = iphoneos;
				VALIDATE_PRODUCT = YES;
			};
			name = Release;
		};
		D7037A621C58BB8B002A955E /* Debug */ = {
			isa = XCBuildConfiguration;
			buildSettings = {
				ASSETCATALOG_COMPILER_APPICON_NAME = AppIcon;
				CLANG_ENABLE_MODULES = YES;
				INFOPLIST_FILE = StoreCN/Info.plist;
				LD_RUNPATH_SEARCH_PATHS = "$(inherited) @executable_path/Frameworks";
				PRODUCT_BUNDLE_IDENTIFIER = mysoqi.com.StoreCN;
				PRODUCT_NAME = "$(TARGET_NAME)";
				SWIFT_OPTIMIZATION_LEVEL = "-Onone";
			};
			name = Debug;
		};
		D7037A631C58BB8B002A955E /* Release */ = {
			isa = XCBuildConfiguration;
			buildSettings = {
				ASSETCATALOG_COMPILER_APPICON_NAME = AppIcon;
				CLANG_ENABLE_MODULES = YES;
				INFOPLIST_FILE = StoreCN/Info.plist;
				LD_RUNPATH_SEARCH_PATHS = "$(inherited) @executable_path/Frameworks";
				PRODUCT_BUNDLE_IDENTIFIER = mysoqi.com.StoreCN;
				PRODUCT_NAME = "$(TARGET_NAME)";
			};
			name = Release;
		};
/* End XCBuildConfiguration section */

/* Begin XCConfigurationList section */
		D7037A4A1C58BB8B002A955E /* Build configuration list for PBXProject "StoreCN" */ = {
			isa = XCConfigurationList;
			buildConfigurations = (
				D7037A5F1C58BB8B002A955E /* Debug */,
				D7037A601C58BB8B002A955E /* Release */,
			);
			defaultConfigurationIsVisible = 0;
			defaultConfigurationName = Release;
		};
		D7037A611C58BB8B002A955E /* Build configuration list for PBXNativeTarget "StoreCN" */ = {
			isa = XCConfigurationList;
			buildConfigurations = (
				D7037A621C58BB8B002A955E /* Debug */,
				D7037A631C58BB8B002A955E /* Release */,
			);
			defaultConfigurationIsVisible = 0;
			defaultConfigurationName = Release;
		};
/* End XCConfigurationList section */
	};
	rootObject = D7037A471C58BB8B002A955E /* Project object */;
}
